
Microsoft Visual Studio Solution File, Format Version 12.00
# Visual Studio 15
Project("{FAE04EC0-301F-11D3-BF4B-00C04F79EFBC}") = "ObjectPicker", "Assembly-CSharp.csproj", "{82158993-68A2-78CF-0F27-579FB9ACC27D}"
EndProject
Project("{FAE04EC0-301F-11D3-BF4B-00C04F79EFBC}") = "ObjectPicker", "Prestige.csproj", "{B11321F8-1092-5137-611B-4E4E193A982D}"
EndProject
Project("{FAE04EC0-301F-11D3-BF4B-00C04F79EFBC}") = "ObjectPicker", "Assembly-CSharp-Editor.csproj", "{90F5DA04-EF7D-1009-0458-3B8C502EF789}"
EndProject
Project("{FAE04EC0-301F-11D3-BF4B-00C04F79EFBC}") = "ObjectPicker", "Tests.csproj", "{70C17B32-C421-CF4C-2F1B-4FF071D37EC6}"
EndProject
Global
	GlobalSection(SolutionConfigurationPlatforms) = preSolution
		Debug|Any CPU = Debug|Any CPU
		Release|Any CPU = Release|Any CPU
	EndGlobalSection
	GlobalSection(ProjectConfigurationPlatforms) = postSolution
		{82158993-68A2-78CF-0F27-579FB9ACC27D}.Debug|Any CPU.ActiveCfg = Debug|Any CPU
		{82158993-68A2-78CF-0F27-579FB9ACC27D}.Debug|Any CPU.Build.0 = Debug|Any CPU
		{82158993-68A2-78CF-0F27-579FB9ACC27D}.Release|Any CPU.ActiveCfg = Release|Any CPU
		{82158993-68A2-78CF-0F27-579FB9ACC27D}.Release|Any CPU.Build.0 = Release|Any CPU
		{B11321F8-1092-5137-611B-4E4E193A982D}.Debug|Any CPU.ActiveCfg = Debug|Any CPU
		{B11321F8-1092-5137-611B-4E4E193A982D}.Debug|Any CPU.Build.0 = Debug|Any CPU
		{B11321F8-1092-5137-611B-4E4E193A982D}.Release|Any CPU.ActiveCfg = Release|Any CPU
		{B11321F8-1092-5137-611B-4E4E193A982D}.Release|Any CPU.Build.0 = Release|Any CPU
		{90F5DA04-EF7D-1009-0458-3B8C502EF789}.Debug|Any CPU.ActiveCfg = Debug|Any CPU
		{90F5DA04-EF7D-1009-0458-3B8C502EF789}.Debug|Any CPU.Build.0 = Debug|Any CPU
		{90F5DA04-EF7D-1009-0458-3B8C502EF789}.Release|Any CPU.ActiveCfg = Release|Any CPU
		{90F5DA04-EF7D-1009-0458-3B8C502EF789}.Release|Any CPU.Build.0 = Release|Any CPU
		{70C17B32-C421-CF4C-2F1B-4FF071D37EC6}.Debug|Any CPU.ActiveCfg = Debug|Any CPU
		{70C17B32-C421-CF4C-2F1B-4FF071D37EC6}.Debug|Any CPU.Build.0 = Debug|Any CPU
		{70C17B32-C421-CF4C-2F1B-4FF071D37EC6}.Release|Any CPU.ActiveCfg = Release|Any CPU
		{70C17B32-C421-CF4C-2F1B-4FF071D37EC6}.Release|Any CPU.Build.0 = Release|Any CPU
	EndGlobalSection
	GlobalSection(SolutionProperties) = preSolution
		HideSolutionNode = FALSE
	EndGlobalSection
EndGlobal
